// !$*UTF8*$!
{
	archiveVersion = 1;
	classes = {
	};
	objectVersion = 55;
	objects = {

/* Begin PBXBuildFile section */
		0B63FE0D826D4F29FC6CE782 /* Pods_MarvelApp.framework in Frameworks */ = {isa = PBXBuildFile; fileRef = 62DF194E071D4AE27AC99AEB /* Pods_MarvelApp.framework */; };
		142246342937B2DC0095D4C9 /* AppDelegate.swift in Sources */ = {isa = PBXBuildFile; fileRef = 142246332937B2DC0095D4C9 /* AppDelegate.swift */; };
		142246362937B2DC0095D4C9 /* SceneDelegate.swift in Sources */ = {isa = PBXBuildFile; fileRef = 142246352937B2DC0095D4C9 /* SceneDelegate.swift */; };
		142246382937B2DC0095D4C9 /* CharacterViewController.swift in Sources */ = {isa = PBXBuildFile; fileRef = 142246372937B2DC0095D4C9 /* CharacterViewController.swift */; };
		1422463B2937B2DC0095D4C9 /* Main.storyboard in Resources */ = {isa = PBXBuildFile; fileRef = 142246392937B2DC0095D4C9 /* Main.storyboard */; };
		1422463E2937B2DC0095D4C9 /* MarvelApp.xcdatamodeld in Sources */ = {isa = PBXBuildFile; fileRef = 1422463C2937B2DC0095D4C9 /* MarvelApp.xcdatamodeld */; };
		142246402937B2DE0095D4C9 /* Assets.xcassets in Resources */ = {isa = PBXBuildFile; fileRef = 1422463F2937B2DE0095D4C9 /* Assets.xcassets */; };
		142246432937B2DE0095D4C9 /* LaunchScreen.storyboard in Resources */ = {isa = PBXBuildFile; fileRef = 142246412937B2DE0095D4C9 /* LaunchScreen.storyboard */; };
		1422464E2937B2DE0095D4C9 /* MarvelAppTests.swift in Sources */ = {isa = PBXBuildFile; fileRef = 1422464D2937B2DE0095D4C9 /* MarvelAppTests.swift */; };
		142246582937B2DE0095D4C9 /* MarvelAppUITests.swift in Sources */ = {isa = PBXBuildFile; fileRef = 142246572937B2DE0095D4C9 /* MarvelAppUITests.swift */; };
		1422465A2937B2DE0095D4C9 /* MarvelAppUITestsLaunchTests.swift in Sources */ = {isa = PBXBuildFile; fileRef = 142246592937B2DE0095D4C9 /* MarvelAppUITestsLaunchTests.swift */; };
		1422468E2937C3550095D4C9 /* String+MD5.swift in Sources */ = {isa = PBXBuildFile; fileRef = 142246872937C3550095D4C9 /* String+MD5.swift */; };
		1422468F2937C3550095D4C9 /* Constants.swift in Sources */ = {isa = PBXBuildFile; fileRef = 142246892937C3550095D4C9 /* Constants.swift */; };
		142246902937C3550095D4C9 /* NetworkServiceProtocol.swift in Sources */ = {isa = PBXBuildFile; fileRef = 1422468B2937C3550095D4C9 /* NetworkServiceProtocol.swift */; };
		142246912937C3550095D4C9 /* NetworkService.swift in Sources */ = {isa = PBXBuildFile; fileRef = 1422468C2937C3550095D4C9 /* NetworkService.swift */; };
		148E9A3C293DBCCE00F4CFE3 /* Marvel.swift in Sources */ = {isa = PBXBuildFile; fileRef = 148E9A3B293DBCCE00F4CFE3 /* Marvel.swift */; };
		148E9A3E293DBCE100F4CFE3 /* Thumbnail.swift in Sources */ = {isa = PBXBuildFile; fileRef = 148E9A3D293DBCE100F4CFE3 /* Thumbnail.swift */; };
		148E9A43293DBDC700F4CFE3 /* MarvelCharacter+CoreDataClass.swift in Sources */ = {isa = PBXBuildFile; fileRef = 148E9A3F293DBDC600F4CFE3 /* MarvelCharacter+CoreDataClass.swift */; };
		148E9A44293DBDC700F4CFE3 /* Favorite+CoreDataClass.swift in Sources */ = {isa = PBXBuildFile; fileRef = 148E9A40293DBDC700F4CFE3 /* Favorite+CoreDataClass.swift */; };
		148E9A45293DBDC700F4CFE3 /* MarvelCharacter+CoreDataProperties.swift in Sources */ = {isa = PBXBuildFile; fileRef = 148E9A41293DBDC700F4CFE3 /* MarvelCharacter+CoreDataProperties.swift */; };
		148E9A46293DBDC700F4CFE3 /* Favorite+CoreDataProperties.swift in Sources */ = {isa = PBXBuildFile; fileRef = 148E9A42293DBDC700F4CFE3 /* Favorite+CoreDataProperties.swift */; };
		148E9A48293DBF1A00F4CFE3 /* CodingUserInfoKey+Extension.swift in Sources */ = {isa = PBXBuildFile; fileRef = 148E9A47293DBF1A00F4CFE3 /* CodingUserInfoKey+Extension.swift */; };
		148E9A4C293DC3C000F4CFE3 /* NetworkResponse.swift in Sources */ = {isa = PBXBuildFile; fileRef = 148E9A4B293DC3C000F4CFE3 /* NetworkResponse.swift */; };
		1493BD0F29384A4F00994242 /* CharacterViewModel.swift in Sources */ = {isa = PBXBuildFile; fileRef = 1493BD0E29384A4F00994242 /* CharacterViewModel.swift */; };
		1493BD1129384C2300994242 /* CharacterViewModelProtocol.swift in Sources */ = {isa = PBXBuildFile; fileRef = 1493BD1029384C2300994242 /* CharacterViewModelProtocol.swift */; };
		1493BD1429384C9B00994242 /* CharactersCell.swift in Sources */ = {isa = PBXBuildFile; fileRef = 1493BD1329384C9B00994242 /* CharactersCell.swift */; };
		1493BD1629384CB600994242 /* CharactersCellModel.swift in Sources */ = {isa = PBXBuildFile; fileRef = 1493BD1529384CB600994242 /* CharactersCellModel.swift */; };
		14EDD2A02938C78B00A67252 /* CharacterDetailsCell.swift in Sources */ = {isa = PBXBuildFile; fileRef = 14EDD29C2938C78B00A67252 /* CharacterDetailsCell.swift */; };
		14EDD2A12938C78B00A67252 /* ComicsCellModel.swift in Sources */ = {isa = PBXBuildFile; fileRef = 14EDD29D2938C78B00A67252 /* ComicsCellModel.swift */; };
		14EDD2A22938C78B00A67252 /* CharacterDetailsCellModel.swift in Sources */ = {isa = PBXBuildFile; fileRef = 14EDD29E2938C78B00A67252 /* CharacterDetailsCellModel.swift */; };
		14EDD2A32938C78B00A67252 /* ComicsCell.swift in Sources */ = {isa = PBXBuildFile; fileRef = 14EDD29F2938C78B00A67252 /* ComicsCell.swift */; };
		14EDD2A52938C79F00A67252 /* CharacterDetaisViewController.swift in Sources */ = {isa = PBXBuildFile; fileRef = 14EDD2A42938C79F00A67252 /* CharacterDetaisViewController.swift */; };
		14EDD2AA2938C7DC00A67252 /* CharacterDetailsViewModelProtocol.swift in Sources */ = {isa = PBXBuildFile; fileRef = 14EDD2A82938C7DC00A67252 /* CharacterDetailsViewModelProtocol.swift */; };
		14EDD2AB2938C7DC00A67252 /* CharacterDetailsViewModel.swift in Sources */ = {isa = PBXBuildFile; fileRef = 14EDD2A92938C7DC00A67252 /* CharacterDetailsViewModel.swift */; };
		14EDD2AD2938C7EC00A67252 /* Comics.swift in Sources */ = {isa = PBXBuildFile; fileRef = 14EDD2AC2938C7EC00A67252 /* Comics.swift */; };
		14EDD2AF2938D02B00A67252 /* CharacterViewModelTests.swift in Sources */ = {isa = PBXBuildFile; fileRef = 14EDD2AE2938D02B00A67252 /* CharacterViewModelTests.swift */; };
		14EDD2B22938FAAD00A67252 /* CoreDataService.swift in Sources */ = {isa = PBXBuildFile; fileRef = 14EDD2B12938FAAD00A67252 /* CoreDataService.swift */; };
		1C83E5C185B9A58B9DC87EEE /* Pods_MarvelApp_MarvelAppUITests.framework in Frameworks */ = {isa = PBXBuildFile; fileRef = 3DBF9C254430100DB3BED07D /* Pods_MarvelApp_MarvelAppUITests.framework */; };
		63ACAE426713202CACB227D8 /* Pods_MarvelAppTests.framework in Frameworks */ = {isa = PBXBuildFile; fileRef = 160ED7B6E2E5AD4E6557B41C /* Pods_MarvelAppTests.framework */; };
/* End PBXBuildFile section */

/* Begin PBXContainerItemProxy section */
		1422464A2937B2DE0095D4C9 /* PBXContainerItemProxy */ = {
			isa = PBXContainerItemProxy;
			containerPortal = 142246282937B2DC0095D4C9 /* Project object */;
			proxyType = 1;
			remoteGlobalIDString = 1422462F2937B2DC0095D4C9;
			remoteInfo = MarvelApp;
		};
		142246542937B2DE0095D4C9 /* PBXContainerItemProxy */ = {
			isa = PBXContainerItemProxy;
			containerPortal = 142246282937B2DC0095D4C9 /* Project object */;
			proxyType = 1;
			remoteGlobalIDString = 1422462F2937B2DC0095D4C9;
			remoteInfo = MarvelApp;
		};
/* End PBXContainerItemProxy section */

/* Begin PBXFileReference section */
		142246302937B2DC0095D4C9 /* MarvelApp.app */ = {isa = PBXFileReference; explicitFileType = wrapper.application; includeInIndex = 0; path = MarvelApp.app; sourceTree = BUILT_PRODUCTS_DIR; };
		142246332937B2DC0095D4C9 /* AppDelegate.swift */ = {isa = PBXFileReference; lastKnownFileType = sourcecode.swift; path = AppDelegate.swift; sourceTree = "<group>"; };
		142246352937B2DC0095D4C9 /* SceneDelegate.swift */ = {isa = PBXFileReference; lastKnownFileType = sourcecode.swift; path = SceneDelegate.swift; sourceTree = "<group>"; };
		142246372937B2DC0095D4C9 /* CharacterViewController.swift */ = {isa = PBXFileReference; lastKnownFileType = sourcecode.swift; path = CharacterViewController.swift; sourceTree = "<group>"; };
		1422463A2937B2DC0095D4C9 /* Base */ = {isa = PBXFileReference; lastKnownFileType = file.storyboard; name = Base; path = Base.lproj/Main.storyboard; sourceTree = "<group>"; };
		1422463D2937B2DC0095D4C9 /* MarvelApp.xcdatamodel */ = {isa = PBXFileReference; lastKnownFileType = wrapper.xcdatamodel; path = MarvelApp.xcdatamodel; sourceTree = "<group>"; };
		1422463F2937B2DE0095D4C9 /* Assets.xcassets */ = {isa = PBXFileReference; lastKnownFileType = folder.assetcatalog; path = Assets.xcassets; sourceTree = "<group>"; };
		142246422937B2DE0095D4C9 /* Base */ = {isa = PBXFileReference; lastKnownFileType = file.storyboard; name = Base; path = Base.lproj/LaunchScreen.storyboard; sourceTree = "<group>"; };
		142246442937B2DE0095D4C9 /* Info.plist */ = {isa = PBXFileReference; lastKnownFileType = text.plist.xml; path = Info.plist; sourceTree = "<group>"; };
		142246492937B2DE0095D4C9 /* MarvelAppTests.xctest */ = {isa = PBXFileReference; explicitFileType = wrapper.cfbundle; includeInIndex = 0; path = MarvelAppTests.xctest; sourceTree = BUILT_PRODUCTS_DIR; };
		1422464D2937B2DE0095D4C9 /* MarvelAppTests.swift */ = {isa = PBXFileReference; lastKnownFileType = sourcecode.swift; path = MarvelAppTests.swift; sourceTree = "<group>"; };
		142246532937B2DE0095D4C9 /* MarvelAppUITests.xctest */ = {isa = PBXFileReference; explicitFileType = wrapper.cfbundle; includeInIndex = 0; path = MarvelAppUITests.xctest; sourceTree = BUILT_PRODUCTS_DIR; };
		142246572937B2DE0095D4C9 /* MarvelAppUITests.swift */ = {isa = PBXFileReference; lastKnownFileType = sourcecode.swift; path = MarvelAppUITests.swift; sourceTree = "<group>"; };
		142246592937B2DE0095D4C9 /* MarvelAppUITestsLaunchTests.swift */ = {isa = PBXFileReference; lastKnownFileType = sourcecode.swift; path = MarvelAppUITestsLaunchTests.swift; sourceTree = "<group>"; };
		142246872937C3550095D4C9 /* String+MD5.swift */ = {isa = PBXFileReference; fileEncoding = 4; lastKnownFileType = sourcecode.swift; path = "String+MD5.swift"; sourceTree = "<group>"; };
		142246892937C3550095D4C9 /* Constants.swift */ = {isa = PBXFileReference; fileEncoding = 4; lastKnownFileType = sourcecode.swift; path = Constants.swift; sourceTree = "<group>"; };
		1422468B2937C3550095D4C9 /* NetworkServiceProtocol.swift */ = {isa = PBXFileReference; fileEncoding = 4; lastKnownFileType = sourcecode.swift; path = NetworkServiceProtocol.swift; sourceTree = "<group>"; };
		1422468C2937C3550095D4C9 /* NetworkService.swift */ = {isa = PBXFileReference; fileEncoding = 4; lastKnownFileType = sourcecode.swift; path = NetworkService.swift; sourceTree = "<group>"; };
		148E9A3B293DBCCE00F4CFE3 /* Marvel.swift */ = {isa = PBXFileReference; fileEncoding = 4; lastKnownFileType = sourcecode.swift; path = Marvel.swift; sourceTree = "<group>"; };
		148E9A3D293DBCE100F4CFE3 /* Thumbnail.swift */ = {isa = PBXFileReference; fileEncoding = 4; lastKnownFileType = sourcecode.swift; path = Thumbnail.swift; sourceTree = "<group>"; };
		148E9A3F293DBDC600F4CFE3 /* MarvelCharacter+CoreDataClass.swift */ = {isa = PBXFileReference; fileEncoding = 4; lastKnownFileType = sourcecode.swift; path = "MarvelCharacter+CoreDataClass.swift"; sourceTree = "<group>"; };
		148E9A40293DBDC700F4CFE3 /* Favorite+CoreDataClass.swift */ = {isa = PBXFileReference; fileEncoding = 4; lastKnownFileType = sourcecode.swift; path = "Favorite+CoreDataClass.swift"; sourceTree = "<group>"; };
		148E9A41293DBDC700F4CFE3 /* MarvelCharacter+CoreDataProperties.swift */ = {isa = PBXFileReference; fileEncoding = 4; lastKnownFileType = sourcecode.swift; path = "MarvelCharacter+CoreDataProperties.swift"; sourceTree = "<group>"; };
		148E9A42293DBDC700F4CFE3 /* Favorite+CoreDataProperties.swift */ = {isa = PBXFileReference; fileEncoding = 4; lastKnownFileType = sourcecode.swift; path = "Favorite+CoreDataProperties.swift"; sourceTree = "<group>"; };
		148E9A47293DBF1A00F4CFE3 /* CodingUserInfoKey+Extension.swift */ = {isa = PBXFileReference; fileEncoding = 4; lastKnownFileType = sourcecode.swift; path = "CodingUserInfoKey+Extension.swift"; sourceTree = "<group>"; };
		148E9A4B293DC3C000F4CFE3 /* NetworkResponse.swift */ = {isa = PBXFileReference; lastKnownFileType = sourcecode.swift; path = NetworkResponse.swift; sourceTree = "<group>"; };
		1493BD0E29384A4F00994242 /* CharacterViewModel.swift */ = {isa = PBXFileReference; lastKnownFileType = sourcecode.swift; path = CharacterViewModel.swift; sourceTree = "<group>"; };
		1493BD1029384C2300994242 /* CharacterViewModelProtocol.swift */ = {isa = PBXFileReference; lastKnownFileType = sourcecode.swift; path = CharacterViewModelProtocol.swift; sourceTree = "<group>"; };
		1493BD1329384C9B00994242 /* CharactersCell.swift */ = {isa = PBXFileReference; lastKnownFileType = sourcecode.swift; path = CharactersCell.swift; sourceTree = "<group>"; };
		1493BD1529384CB600994242 /* CharactersCellModel.swift */ = {isa = PBXFileReference; lastKnownFileType = sourcecode.swift; path = CharactersCellModel.swift; sourceTree = "<group>"; };
		14EDD29C2938C78B00A67252 /* CharacterDetailsCell.swift */ = {isa = PBXFileReference; fileEncoding = 4; lastKnownFileType = sourcecode.swift; path = CharacterDetailsCell.swift; sourceTree = "<group>"; };
		14EDD29D2938C78B00A67252 /* ComicsCellModel.swift */ = {isa = PBXFileReference; fileEncoding = 4; lastKnownFileType = sourcecode.swift; path = ComicsCellModel.swift; sourceTree = "<group>"; };
		14EDD29E2938C78B00A67252 /* CharacterDetailsCellModel.swift */ = {isa = PBXFileReference; fileEncoding = 4; lastKnownFileType = sourcecode.swift; path = CharacterDetailsCellModel.swift; sourceTree = "<group>"; };
		14EDD29F2938C78B00A67252 /* ComicsCell.swift */ = {isa = PBXFileReference; fileEncoding = 4; lastKnownFileType = sourcecode.swift; path = ComicsCell.swift; sourceTree = "<group>"; };
		14EDD2A42938C79F00A67252 /* CharacterDetaisViewController.swift */ = {isa = PBXFileReference; fileEncoding = 4; lastKnownFileType = sourcecode.swift; path = CharacterDetaisViewController.swift; sourceTree = "<group>"; };
		14EDD2A82938C7DC00A67252 /* CharacterDetailsViewModelProtocol.swift */ = {isa = PBXFileReference; fileEncoding = 4; lastKnownFileType = sourcecode.swift; path = CharacterDetailsViewModelProtocol.swift; sourceTree = "<group>"; };
		14EDD2A92938C7DC00A67252 /* CharacterDetailsViewModel.swift */ = {isa = PBXFileReference; fileEncoding = 4; lastKnownFileType = sourcecode.swift; path = CharacterDetailsViewModel.swift; sourceTree = "<group>"; };
		14EDD2AC2938C7EC00A67252 /* Comics.swift */ = {isa = PBXFileReference; fileEncoding = 4; lastKnownFileType = sourcecode.swift; path = Comics.swift; sourceTree = "<group>"; };
		14EDD2AE2938D02B00A67252 /* CharacterViewModelTests.swift */ = {isa = PBXFileReference; lastKnownFileType = sourcecode.swift; path = CharacterViewModelTests.swift; sourceTree = "<group>"; };
		14EDD2B12938FAAD00A67252 /* CoreDataService.swift */ = {isa = PBXFileReference; lastKnownFileType = sourcecode.swift; path = CoreDataService.swift; sourceTree = "<group>"; };
		160ED7B6E2E5AD4E6557B41C /* Pods_MarvelAppTests.framework */ = {isa = PBXFileReference; explicitFileType = wrapper.framework; includeInIndex = 0; path = Pods_MarvelAppTests.framework; sourceTree = BUILT_PRODUCTS_DIR; };
		181EA697EC53A250E40A392F /* Pods-MarvelApp.release.xcconfig */ = {isa = PBXFileReference; includeInIndex = 1; lastKnownFileType = text.xcconfig; name = "Pods-MarvelApp.release.xcconfig"; path = "Target Support Files/Pods-MarvelApp/Pods-MarvelApp.release.xcconfig"; sourceTree = "<group>"; };
		1D560DB4F9C0F2F13FFD8CC8 /* Pods-MarvelApp.debug.xcconfig */ = {isa = PBXFileReference; includeInIndex = 1; lastKnownFileType = text.xcconfig; name = "Pods-MarvelApp.debug.xcconfig"; path = "Target Support Files/Pods-MarvelApp/Pods-MarvelApp.debug.xcconfig"; sourceTree = "<group>"; };
		387A204BF730B53DB1351517 /* Pods-MarvelAppTests.release.xcconfig */ = {isa = PBXFileReference; includeInIndex = 1; lastKnownFileType = text.xcconfig; name = "Pods-MarvelAppTests.release.xcconfig"; path = "Target Support Files/Pods-MarvelAppTests/Pods-MarvelAppTests.release.xcconfig"; sourceTree = "<group>"; };
		3DBF9C254430100DB3BED07D /* Pods_MarvelApp_MarvelAppUITests.framework */ = {isa = PBXFileReference; explicitFileType = wrapper.framework; includeInIndex = 0; path = Pods_MarvelApp_MarvelAppUITests.framework; sourceTree = BUILT_PRODUCTS_DIR; };
		62DF194E071D4AE27AC99AEB /* Pods_MarvelApp.framework */ = {isa = PBXFileReference; explicitFileType = wrapper.framework; includeInIndex = 0; path = Pods_MarvelApp.framework; sourceTree = BUILT_PRODUCTS_DIR; };
		AC2D88E5B2CB767BD2F93C53 /* Pods-MarvelAppTests.debug.xcconfig */ = {isa = PBXFileReference; includeInIndex = 1; lastKnownFileType = text.xcconfig; name = "Pods-MarvelAppTests.debug.xcconfig"; path = "Target Support Files/Pods-MarvelAppTests/Pods-MarvelAppTests.debug.xcconfig"; sourceTree = "<group>"; };
		E993A608EA08462499DAA8B8 /* Pods-MarvelApp-MarvelAppUITests.release.xcconfig */ = {isa = PBXFileReference; includeInIndex = 1; lastKnownFileType = text.xcconfig; name = "Pods-MarvelApp-MarvelAppUITests.release.xcconfig"; path = "Target Support Files/Pods-MarvelApp-MarvelAppUITests/Pods-MarvelApp-MarvelAppUITests.release.xcconfig"; sourceTree = "<group>"; };
		F808791754B74A81FD9EEB16 /* Pods-MarvelApp-MarvelAppUITests.debug.xcconfig */ = {isa = PBXFileReference; includeInIndex = 1; lastKnownFileType = text.xcconfig; name = "Pods-MarvelApp-MarvelAppUITests.debug.xcconfig"; path = "Target Support Files/Pods-MarvelApp-MarvelAppUITests/Pods-MarvelApp-MarvelAppUITests.debug.xcconfig"; sourceTree = "<group>"; };
/* End PBXFileReference section */

/* Begin PBXFrameworksBuildPhase section */
		1422462D2937B2DC0095D4C9 /* Frameworks */ = {
			isa = PBXFrameworksBuildPhase;
			buildActionMask = 2147483647;
			files = (
				0B63FE0D826D4F29FC6CE782 /* Pods_MarvelApp.framework in Frameworks */,
			);
			runOnlyForDeploymentPostprocessing = 0;
		};
		142246462937B2DE0095D4C9 /* Frameworks */ = {
			isa = PBXFrameworksBuildPhase;
			buildActionMask = 2147483647;
			files = (
				63ACAE426713202CACB227D8 /* Pods_MarvelAppTests.framework in Frameworks */,
			);
			runOnlyForDeploymentPostprocessing = 0;
		};
		142246502937B2DE0095D4C9 /* Frameworks */ = {
			isa = PBXFrameworksBuildPhase;
			buildActionMask = 2147483647;
			files = (
				1C83E5C185B9A58B9DC87EEE /* Pods_MarvelApp_MarvelAppUITests.framework in Frameworks */,
			);
			runOnlyForDeploymentPostprocessing = 0;
		};
/* End PBXFrameworksBuildPhase section */

/* Begin PBXGroup section */
		142246272937B2DC0095D4C9 = {
			isa = PBXGroup;
			children = (
				142246322937B2DC0095D4C9 /* MarvelApp */,
				1422464C2937B2DE0095D4C9 /* MarvelAppTests */,
				142246562937B2DE0095D4C9 /* MarvelAppUITests */,
				142246312937B2DC0095D4C9 /* Products */,
				25CF86A809706334EF88044F /* Pods */,
				913CA1F08B1FD70B66A43E8C /* Frameworks */,
			);
			sourceTree = "<group>";
		};
		142246312937B2DC0095D4C9 /* Products */ = {
			isa = PBXGroup;
			children = (
				142246302937B2DC0095D4C9 /* MarvelApp.app */,
				142246492937B2DE0095D4C9 /* MarvelAppTests.xctest */,
				142246532937B2DE0095D4C9 /* MarvelAppUITests.xctest */,
			);
			name = Products;
			sourceTree = "<group>";
		};
		142246322937B2DC0095D4C9 /* MarvelApp */ = {
			isa = PBXGroup;
			children = (
				142246332937B2DC0095D4C9 /* AppDelegate.swift */,
				142246352937B2DC0095D4C9 /* SceneDelegate.swift */,
				142246842937C3550095D4C9 /* Model */,
				142246922937C5B10095D4C9 /* View */,
				1493BD0D293849ED00994242 /* ViewModel */,
				142246862937C3550095D4C9 /* Extension */,
				1422468A2937C3550095D4C9 /* NetworkService */,
				14EDD2B02938FA9100A67252 /* Persistence */,
				142246882937C3550095D4C9 /* Utility */,
				142246392937B2DC0095D4C9 /* Main.storyboard */,
				1422463F2937B2DE0095D4C9 /* Assets.xcassets */,
				142246412937B2DE0095D4C9 /* LaunchScreen.storyboard */,
				142246442937B2DE0095D4C9 /* Info.plist */,
				1422463C2937B2DC0095D4C9 /* MarvelApp.xcdatamodeld */,
			);
			path = MarvelApp;
			sourceTree = "<group>";
		};
		1422464C2937B2DE0095D4C9 /* MarvelAppTests */ = {
			isa = PBXGroup;
			children = (
				1422464D2937B2DE0095D4C9 /* MarvelAppTests.swift */,
				14EDD2AE2938D02B00A67252 /* CharacterViewModelTests.swift */,
			);
			path = MarvelAppTests;
			sourceTree = "<group>";
		};
		142246562937B2DE0095D4C9 /* MarvelAppUITests */ = {
			isa = PBXGroup;
			children = (
				142246572937B2DE0095D4C9 /* MarvelAppUITests.swift */,
				142246592937B2DE0095D4C9 /* MarvelAppUITestsLaunchTests.swift */,
			);
			path = MarvelAppUITests;
			sourceTree = "<group>";
		};
		142246842937C3550095D4C9 /* Model */ = {
			isa = PBXGroup;
			children = (
				148E9A3B293DBCCE00F4CFE3 /* Marvel.swift */,
				148E9A3D293DBCE100F4CFE3 /* Thumbnail.swift */,
				14EDD2AC2938C7EC00A67252 /* Comics.swift */,
				148E9A4B293DC3C000F4CFE3 /* NetworkResponse.swift */,
				148E9A40293DBDC700F4CFE3 /* Favorite+CoreDataClass.swift */,
				148E9A42293DBDC700F4CFE3 /* Favorite+CoreDataProperties.swift */,
				148E9A3F293DBDC600F4CFE3 /* MarvelCharacter+CoreDataClass.swift */,
				148E9A41293DBDC700F4CFE3 /* MarvelCharacter+CoreDataProperties.swift */,
			);
			path = Model;
			sourceTree = "<group>";
		};
		142246862937C3550095D4C9 /* Extension */ = {
			isa = PBXGroup;
			children = (
				142246872937C3550095D4C9 /* String+MD5.swift */,
				148E9A47293DBF1A00F4CFE3 /* CodingUserInfoKey+Extension.swift */,
			);
			path = Extension;
			sourceTree = "<group>";
		};
		142246882937C3550095D4C9 /* Utility */ = {
			isa = PBXGroup;
			children = (
				142246892937C3550095D4C9 /* Constants.swift */,
			);
			path = Utility;
			sourceTree = "<group>";
		};
		1422468A2937C3550095D4C9 /* NetworkService */ = {
			isa = PBXGroup;
			children = (
				1422468B2937C3550095D4C9 /* NetworkServiceProtocol.swift */,
				1422468C2937C3550095D4C9 /* NetworkService.swift */,
			);
			path = NetworkService;
			sourceTree = "<group>";
		};
		142246922937C5B10095D4C9 /* View */ = {
			isa = PBXGroup;
			children = (
				142246372937B2DC0095D4C9 /* CharacterViewController.swift */,
				14EDD2A42938C79F00A67252 /* CharacterDetaisViewController.swift */,
				1493BD1229384C8800994242 /* Cells */,
			);
			path = View;
			sourceTree = "<group>";
		};
		1493BD0D293849ED00994242 /* ViewModel */ = {
			isa = PBXGroup;
			children = (
				14EDD2A62938C7AD00A67252 /* CharacterList */,
				14EDD2A72938C7BE00A67252 /* CharacterDetails */,
			);
			path = ViewModel;
			sourceTree = "<group>";
		};
		1493BD1229384C8800994242 /* Cells */ = {
			isa = PBXGroup;
			children = (
				14EDD29A2938C75E00A67252 /* List */,
				14EDD29B2938C76900A67252 /* Details */,
			);
			path = Cells;
			sourceTree = "<group>";
		};
		14EDD29A2938C75E00A67252 /* List */ = {
			isa = PBXGroup;
			children = (
				1493BD1329384C9B00994242 /* CharactersCell.swift */,
				1493BD1529384CB600994242 /* CharactersCellModel.swift */,
			);
			path = List;
			sourceTree = "<group>";
		};
		14EDD29B2938C76900A67252 /* Details */ = {
			isa = PBXGroup;
			children = (
				14EDD29C2938C78B00A67252 /* CharacterDetailsCell.swift */,
				14EDD29E2938C78B00A67252 /* CharacterDetailsCellModel.swift */,
				14EDD29F2938C78B00A67252 /* ComicsCell.swift */,
				14EDD29D2938C78B00A67252 /* ComicsCellModel.swift */,
			);
			path = Details;
			sourceTree = "<group>";
		};
		14EDD2A62938C7AD00A67252 /* CharacterList */ = {
			isa = PBXGroup;
			children = (
				1493BD0E29384A4F00994242 /* CharacterViewModel.swift */,
				1493BD1029384C2300994242 /* CharacterViewModelProtocol.swift */,
			);
			path = CharacterList;
			sourceTree = "<group>";
		};
		14EDD2A72938C7BE00A67252 /* CharacterDetails */ = {
			isa = PBXGroup;
			children = (
				14EDD2A92938C7DC00A67252 /* CharacterDetailsViewModel.swift */,
				14EDD2A82938C7DC00A67252 /* CharacterDetailsViewModelProtocol.swift */,
			);
			path = CharacterDetails;
			sourceTree = "<group>";
		};
		14EDD2B02938FA9100A67252 /* Persistence */ = {
			isa = PBXGroup;
			children = (
				14EDD2B12938FAAD00A67252 /* CoreDataService.swift */,
			);
			path = Persistence;
			sourceTree = "<group>";
		};
		25CF86A809706334EF88044F /* Pods */ = {
			isa = PBXGroup;
			children = (
				1D560DB4F9C0F2F13FFD8CC8 /* Pods-MarvelApp.debug.xcconfig */,
				181EA697EC53A250E40A392F /* Pods-MarvelApp.release.xcconfig */,
				F808791754B74A81FD9EEB16 /* Pods-MarvelApp-MarvelAppUITests.debug.xcconfig */,
				E993A608EA08462499DAA8B8 /* Pods-MarvelApp-MarvelAppUITests.release.xcconfig */,
				AC2D88E5B2CB767BD2F93C53 /* Pods-MarvelAppTests.debug.xcconfig */,
				387A204BF730B53DB1351517 /* Pods-MarvelAppTests.release.xcconfig */,
			);
			path = Pods;
			sourceTree = "<group>";
		};
		913CA1F08B1FD70B66A43E8C /* Frameworks */ = {
			isa = PBXGroup;
			children = (
				62DF194E071D4AE27AC99AEB /* Pods_MarvelApp.framework */,
				3DBF9C254430100DB3BED07D /* Pods_MarvelApp_MarvelAppUITests.framework */,
				160ED7B6E2E5AD4E6557B41C /* Pods_MarvelAppTests.framework */,
			);
			name = Frameworks;
			sourceTree = "<group>";
		};
/* End PBXGroup section */

/* Begin PBXNativeTarget section */
		1422462F2937B2DC0095D4C9 /* MarvelApp */ = {
			isa = PBXNativeTarget;
			buildConfigurationList = 1422465D2937B2DE0095D4C9 /* Build configuration list for PBXNativeTarget "MarvelApp" */;
			buildPhases = (
				84D55BA2A5E8043D16A6B584 /* [CP] Check Pods Manifest.lock */,
				1422462C2937B2DC0095D4C9 /* Sources */,
				1422462D2937B2DC0095D4C9 /* Frameworks */,
				1422462E2937B2DC0095D4C9 /* Resources */,
				679F219AEED56ADD09C249FD /* [CP] Embed Pods Frameworks */,
			);
			buildRules = (
			);
			dependencies = (
			);
			name = MarvelApp;
			productName = MarvelApp;
			productReference = 142246302937B2DC0095D4C9 /* MarvelApp.app */;
			productType = "com.apple.product-type.application";
		};
		142246482937B2DE0095D4C9 /* MarvelAppTests */ = {
			isa = PBXNativeTarget;
			buildConfigurationList = 142246602937B2DE0095D4C9 /* Build configuration list for PBXNativeTarget "MarvelAppTests" */;
			buildPhases = (
				FD955D9C010FD7FDB3A9E01A /* [CP] Check Pods Manifest.lock */,
				142246452937B2DE0095D4C9 /* Sources */,
				142246462937B2DE0095D4C9 /* Frameworks */,
				142246472937B2DE0095D4C9 /* Resources */,
			);
			buildRules = (
			);
			dependencies = (
				1422464B2937B2DE0095D4C9 /* PBXTargetDependency */,
			);
			name = MarvelAppTests;
			productName = MarvelAppTests;
			productReference = 142246492937B2DE0095D4C9 /* MarvelAppTests.xctest */;
			productType = "com.apple.product-type.bundle.unit-test";
		};
		142246522937B2DE0095D4C9 /* MarvelAppUITests */ = {
			isa = PBXNativeTarget;
			buildConfigurationList = 142246632937B2DE0095D4C9 /* Build configuration list for PBXNativeTarget "MarvelAppUITests" */;
			buildPhases = (
				FD9C98DA937AAC92EA07D4F2 /* [CP] Check Pods Manifest.lock */,
				1422464F2937B2DE0095D4C9 /* Sources */,
				142246502937B2DE0095D4C9 /* Frameworks */,
				142246512937B2DE0095D4C9 /* Resources */,
				48B4F5205DD0DAD6143E47BA /* [CP] Embed Pods Frameworks */,
			);
			buildRules = (
			);
			dependencies = (
				142246552937B2DE0095D4C9 /* PBXTargetDependency */,
			);
			name = MarvelAppUITests;
			productName = MarvelAppUITests;
			productReference = 142246532937B2DE0095D4C9 /* MarvelAppUITests.xctest */;
			productType = "com.apple.product-type.bundle.ui-testing";
		};
/* End PBXNativeTarget section */

/* Begin PBXProject section */
		142246282937B2DC0095D4C9 /* Project object */ = {
			isa = PBXProject;
			attributes = {
				BuildIndependentTargetsInParallel = 1;
				LastSwiftUpdateCheck = 1400;
				LastUpgradeCheck = 1400;
				TargetAttributes = {
					1422462F2937B2DC0095D4C9 = {
						CreatedOnToolsVersion = 14.0.1;
					};
					142246482937B2DE0095D4C9 = {
						CreatedOnToolsVersion = 14.0.1;
						TestTargetID = 1422462F2937B2DC0095D4C9;
					};
					142246522937B2DE0095D4C9 = {
						CreatedOnToolsVersion = 14.0.1;
						TestTargetID = 1422462F2937B2DC0095D4C9;
					};
				};
			};
			buildConfigurationList = 1422462B2937B2DC0095D4C9 /* Build configuration list for PBXProject "MarvelApp" */;
			compatibilityVersion = "Xcode 13.0";
			developmentRegion = en;
			hasScannedForEncodings = 0;
			knownRegions = (
				en,
				Base,
			);
			mainGroup = 142246272937B2DC0095D4C9;
			productRefGroup = 142246312937B2DC0095D4C9 /* Products */;
			projectDirPath = "";
			projectRoot = "";
			targets = (
				1422462F2937B2DC0095D4C9 /* MarvelApp */,
				142246482937B2DE0095D4C9 /* MarvelAppTests */,
				142246522937B2DE0095D4C9 /* MarvelAppUITests */,
			);
		};
/* End PBXProject section */

/* Begin PBXResourcesBuildPhase section */
		1422462E2937B2DC0095D4C9 /* Resources */ = {
			isa = PBXResourcesBuildPhase;
			buildActionMask = 2147483647;
			files = (
				142246432937B2DE0095D4C9 /* LaunchScreen.storyboard in Resources */,
				142246402937B2DE0095D4C9 /* Assets.xcassets in Resources */,
				1422463B2937B2DC0095D4C9 /* Main.storyboard in Resources */,
			);
			runOnlyForDeploymentPostprocessing = 0;
		};
		142246472937B2DE0095D4C9 /* Resources */ = {
			isa = PBXResourcesBuildPhase;
			buildActionMask = 2147483647;
			files = (
			);
			runOnlyForDeploymentPostprocessing = 0;
		};
		142246512937B2DE0095D4C9 /* Resources */ = {
			isa = PBXResourcesBuildPhase;
			buildActionMask = 2147483647;
			files = (
			);
			runOnlyForDeploymentPostprocessing = 0;
		};
/* End PBXResourcesBuildPhase section */

/* Begin PBXShellScriptBuildPhase section */
		48B4F5205DD0DAD6143E47BA /* [CP] Embed Pods Frameworks */ = {
			isa = PBXShellScriptBuildPhase;
			buildActionMask = 2147483647;
			files = (
			);
			inputFileListPaths = (
				"${PODS_ROOT}/Target Support Files/Pods-MarvelApp-MarvelAppUITests/Pods-MarvelApp-MarvelAppUITests-frameworks-${CONFIGURATION}-input-files.xcfilelist",
			);
			name = "[CP] Embed Pods Frameworks";
			outputFileListPaths = (
				"${PODS_ROOT}/Target Support Files/Pods-MarvelApp-MarvelAppUITests/Pods-MarvelApp-MarvelAppUITests-frameworks-${CONFIGURATION}-output-files.xcfilelist",
			);
			runOnlyForDeploymentPostprocessing = 0;
			shellPath = /bin/sh;
			shellScript = "\"${PODS_ROOT}/Target Support Files/Pods-MarvelApp-MarvelAppUITests/Pods-MarvelApp-MarvelAppUITests-frameworks.sh\"\n";
			showEnvVarsInLog = 0;
		};
		679F219AEED56ADD09C249FD /* [CP] Embed Pods Frameworks */ = {
			isa = PBXShellScriptBuildPhase;
			buildActionMask = 2147483647;
			files = (
			);
			inputFileListPaths = (
				"${PODS_ROOT}/Target Support Files/Pods-MarvelApp/Pods-MarvelApp-frameworks-${CONFIGURATION}-input-files.xcfilelist",
			);
			name = "[CP] Embed Pods Frameworks";
			outputFileListPaths = (
				"${PODS_ROOT}/Target Support Files/Pods-MarvelApp/Pods-MarvelApp-frameworks-${CONFIGURATION}-output-files.xcfilelist",
			);
			runOnlyForDeploymentPostprocessing = 0;
			shellPath = /bin/sh;
			shellScript = "\"${PODS_ROOT}/Target Support Files/Pods-MarvelApp/Pods-MarvelApp-frameworks.sh\"\n";
			showEnvVarsInLog = 0;
		};
		84D55BA2A5E8043D16A6B584 /* [CP] Check Pods Manifest.lock */ = {
			isa = PBXShellScriptBuildPhase;
			buildActionMask = 2147483647;
			files = (
			);
			inputFileListPaths = (
			);
			inputPaths = (
				"${PODS_PODFILE_DIR_PATH}/Podfile.lock",
				"${PODS_ROOT}/Manifest.lock",
			);
			name = "[CP] Check Pods Manifest.lock";
			outputFileListPaths = (
			);
			outputPaths = (
				"$(DERIVED_FILE_DIR)/Pods-MarvelApp-checkManifestLockResult.txt",
			);
			runOnlyForDeploymentPostprocessing = 0;
			shellPath = /bin/sh;
			shellScript = "diff \"${PODS_PODFILE_DIR_PATH}/Podfile.lock\" \"${PODS_ROOT}/Manifest.lock\" > /dev/null\nif [ $? != 0 ] ; then\n    # print error to STDERR\n    echo \"error: The sandbox is not in sync with the Podfile.lock. Run 'pod install' or update your CocoaPods installation.\" >&2\n    exit 1\nfi\n# This output is used by Xcode 'outputs' to avoid re-running this script phase.\necho \"SUCCESS\" > \"${SCRIPT_OUTPUT_FILE_0}\"\n";
			showEnvVarsInLog = 0;
		};
		FD955D9C010FD7FDB3A9E01A /* [CP] Check Pods Manifest.lock */ = {
			isa = PBXShellScriptBuildPhase;
			buildActionMask = 2147483647;
			files = (
			);
			inputFileListPaths = (
			);
			inputPaths = (
				"${PODS_PODFILE_DIR_PATH}/Podfile.lock",
				"${PODS_ROOT}/Manifest.lock",
			);
			name = "[CP] Check Pods Manifest.lock";
			outputFileListPaths = (
			);
			outputPaths = (
				"$(DERIVED_FILE_DIR)/Pods-MarvelAppTests-checkManifestLockResult.txt",
			);
			runOnlyForDeploymentPostprocessing = 0;
			shellPath = /bin/sh;
			shellScript = "diff \"${PODS_PODFILE_DIR_PATH}/Podfile.lock\" \"${PODS_ROOT}/Manifest.lock\" > /dev/null\nif [ $? != 0 ] ; then\n    # print error to STDERR\n    echo \"error: The sandbox is not in sync with the Podfile.lock. Run 'pod install' or update your CocoaPods installation.\" >&2\n    exit 1\nfi\n# This output is used by Xcode 'outputs' to avoid re-running this script phase.\necho \"SUCCESS\" > \"${SCRIPT_OUTPUT_FILE_0}\"\n";
			showEnvVarsInLog = 0;
		};
		FD9C98DA937AAC92EA07D4F2 /* [CP] Check Pods Manifest.lock */ = {
			isa = PBXShellScriptBuildPhase;
			buildActionMask = 2147483647;
			files = (
			);
			inputFileListPaths = (
			);
			inputPaths = (
				"${PODS_PODFILE_DIR_PATH}/Podfile.lock",
				"${PODS_ROOT}/Manifest.lock",
			);
			name = "[CP] Check Pods Manifest.lock";
			outputFileListPaths = (
			);
			outputPaths = (
				"$(DERIVED_FILE_DIR)/Pods-MarvelApp-MarvelAppUITests-checkManifestLockResult.txt",
			);
			runOnlyForDeploymentPostprocessing = 0;
			shellPath = /bin/sh;
			shellScript = "diff \"${PODS_PODFILE_DIR_PATH}/Podfile.lock\" \"${PODS_ROOT}/Manifest.lock\" > /dev/null\nif [ $? != 0 ] ; then\n    # print error to STDERR\n    echo \"error: The sandbox is not in sync with the Podfile.lock. Run 'pod install' or update your CocoaPods installation.\" >&2\n    exit 1\nfi\n# This output is used by Xcode 'outputs' to avoid re-running this script phase.\necho \"SUCCESS\" > \"${SCRIPT_OUTPUT_FILE_0}\"\n";
			showEnvVarsInLog = 0;
		};
/* End PBXShellScriptBuildPhase section */

/* Begin PBXSourcesBuildPhase section */
		1422462C2937B2DC0095D4C9 /* Sources */ = {
			isa = PBXSourcesBuildPhase;
			buildActionMask = 2147483647;
			files = (
				148E9A48293DBF1A00F4CFE3 /* CodingUserInfoKey+Extension.swift in Sources */,
				142246382937B2DC0095D4C9 /* CharacterViewController.swift in Sources */,
				14EDD2AA2938C7DC00A67252 /* CharacterDetailsViewModelProtocol.swift in Sources */,
				148E9A3C293DBCCE00F4CFE3 /* Marvel.swift in Sources */,
				1493BD1129384C2300994242 /* CharacterViewModelProtocol.swift in Sources */,
				142246342937B2DC0095D4C9 /* AppDelegate.swift in Sources */,
				14EDD2A02938C78B00A67252 /* CharacterDetailsCell.swift in Sources */,
				148E9A43293DBDC700F4CFE3 /* MarvelCharacter+CoreDataClass.swift in Sources */,
				1422468E2937C3550095D4C9 /* String+MD5.swift in Sources */,
				14EDD2A12938C78B00A67252 /* ComicsCellModel.swift in Sources */,
				14EDD2B22938FAAD00A67252 /* CoreDataService.swift in Sources */,
				142246912937C3550095D4C9 /* NetworkService.swift in Sources */,
				14EDD2A52938C79F00A67252 /* CharacterDetaisViewController.swift in Sources */,
				14EDD2A32938C78B00A67252 /* ComicsCell.swift in Sources */,
				148E9A4C293DC3C000F4CFE3 /* NetworkResponse.swift in Sources */,
				142246902937C3550095D4C9 /* NetworkServiceProtocol.swift in Sources */,
				148E9A3E293DBCE100F4CFE3 /* Thumbnail.swift in Sources */,
				1493BD1629384CB600994242 /* CharactersCellModel.swift in Sources */,
				148E9A45293DBDC700F4CFE3 /* MarvelCharacter+CoreDataProperties.swift in Sources */,
				14EDD2AB2938C7DC00A67252 /* CharacterDetailsViewModel.swift in Sources */,
				148E9A44293DBDC700F4CFE3 /* Favorite+CoreDataClass.swift in Sources */,
				14EDD2AD2938C7EC00A67252 /* Comics.swift in Sources */,
				1493BD1429384C9B00994242 /* CharactersCell.swift in Sources */,
				1493BD0F29384A4F00994242 /* CharacterViewModel.swift in Sources */,
				1422468F2937C3550095D4C9 /* Constants.swift in Sources */,
				148E9A46293DBDC700F4CFE3 /* Favorite+CoreDataProperties.swift in Sources */,
				1422463E2937B2DC0095D4C9 /* MarvelApp.xcdatamodeld in Sources */,
				14EDD2A22938C78B00A67252 /* CharacterDetailsCellModel.swift in Sources */,
				142246362937B2DC0095D4C9 /* SceneDelegate.swift in Sources */,
			);
			runOnlyForDeploymentPostprocessing = 0;
		};
		142246452937B2DE0095D4C9 /* Sources */ = {
			isa = PBXSourcesBuildPhase;
			buildActionMask = 2147483647;
			files = (
				14EDD2AF2938D02B00A67252 /* CharacterViewModelTests.swift in Sources */,
				1422464E2937B2DE0095D4C9 /* MarvelAppTests.swift in Sources */,
			);
			runOnlyForDeploymentPostprocessing = 0;
		};
		1422464F2937B2DE0095D4C9 /* Sources */ = {
			isa = PBXSourcesBuildPhase;
			buildActionMask = 2147483647;
			files = (
				142246582937B2DE0095D4C9 /* MarvelAppUITests.swift in Sources */,
				1422465A2937B2DE0095D4C9 /* MarvelAppUITestsLaunchTests.swift in Sources */,
			);
			runOnlyForDeploymentPostprocessing = 0;
		};
/* End PBXSourcesBuildPhase section */

/* Begin PBXTargetDependency section */
		1422464B2937B2DE0095D4C9 /* PBXTargetDependency */ = {
			isa = PBXTargetDependency;
			target = 1422462F2937B2DC0095D4C9 /* MarvelApp */;
			targetProxy = 1422464A2937B2DE0095D4C9 /* PBXContainerItemProxy */;
		};
		142246552937B2DE0095D4C9 /* PBXTargetDependency */ = {
			isa = PBXTargetDependency;
			target = 1422462F2937B2DC0095D4C9 /* MarvelApp */;
			targetProxy = 142246542937B2DE0095D4C9 /* PBXContainerItemProxy */;
		};
/* End PBXTargetDependency section */

/* Begin PBXVariantGroup section */
		142246392937B2DC0095D4C9 /* Main.storyboard */ = {
			isa = PBXVariantGroup;
			children = (
				1422463A2937B2DC0095D4C9 /* Base */,
			);
			name = Main.storyboard;
			sourceTree = "<group>";
		};
		142246412937B2DE0095D4C9 /* LaunchScreen.storyboard */ = {
			isa = PBXVariantGroup;
			children = (
				142246422937B2DE0095D4C9 /* Base */,
			);
			name = LaunchScreen.storyboard;
			sourceTree = "<group>";
		};
/* End PBXVariantGroup section */

/* Begin XCBuildConfiguration section */
		1422465B2937B2DE0095D4C9 /* Debug */ = {
			isa = XCBuildConfiguration;
			buildSettings = {
				ALWAYS_SEARCH_USER_PATHS = NO;
				CLANG_ANALYZER_NONNULL = YES;
				CLANG_ANALYZER_NUMBER_OBJECT_CONVERSION = YES_AGGRESSIVE;
				CLANG_CXX_LANGUAGE_STANDARD = "gnu++20";
				CLANG_ENABLE_MODULES = YES;
				CLANG_ENABLE_OBJC_ARC = YES;
				CLANG_ENABLE_OBJC_WEAK = YES;
				CLANG_WARN_BLOCK_CAPTURE_AUTORELEASING = YES;
				CLANG_WARN_BOOL_CONVERSION = YES;
				CLANG_WARN_COMMA = YES;
				CLANG_WARN_CONSTANT_CONVERSION = YES;
				CLANG_WARN_DEPRECATED_OBJC_IMPLEMENTATIONS = YES;
				CLANG_WARN_DIRECT_OBJC_ISA_USAGE = YES_ERROR;
				CLANG_WARN_DOCUMENTATION_COMMENTS = YES;
				CLANG_WARN_EMPTY_BODY = YES;
				CLANG_WARN_ENUM_CONVERSION = YES;
				CLANG_WARN_INFINITE_RECURSION = YES;
				CLANG_WARN_INT_CONVERSION = YES;
				CLANG_WARN_NON_LITERAL_NULL_CONVERSION = YES;
				CLANG_WARN_OBJC_IMPLICIT_RETAIN_SELF = YES;
				CLANG_WARN_OBJC_LITERAL_CONVERSION = YES;
				CLANG_WARN_OBJC_ROOT_CLASS = YES_ERROR;
				CLANG_WARN_QUOTED_INCLUDE_IN_FRAMEWORK_HEADER = YES;
				CLANG_WARN_RANGE_LOOP_ANALYSIS = YES;
				CLANG_WARN_STRICT_PROTOTYPES = YES;
				CLANG_WARN_SUSPICIOUS_MOVE = YES;
				CLANG_WARN_UNGUARDED_AVAILABILITY = YES_AGGRESSIVE;
				CLANG_WARN_UNREACHABLE_CODE = YES;
				CLANG_WARN__DUPLICATE_METHOD_MATCH = YES;
				COPY_PHASE_STRIP = NO;
				DEBUG_INFORMATION_FORMAT = dwarf;
				ENABLE_STRICT_OBJC_MSGSEND = YES;
				ENABLE_TESTABILITY = YES;
				GCC_C_LANGUAGE_STANDARD = gnu11;
				GCC_DYNAMIC_NO_PIC = NO;
				GCC_NO_COMMON_BLOCKS = YES;
				GCC_OPTIMIZATION_LEVEL = 0;
				GCC_PREPROCESSOR_DEFINITIONS = (
					"DEBUG=1",
					"$(inherited)",
				);
				GCC_WARN_64_TO_32_BIT_CONVERSION = YES;
				GCC_WARN_ABOUT_RETURN_TYPE = YES_ERROR;
				GCC_WARN_UNDECLARED_SELECTOR = YES;
				GCC_WARN_UNINITIALIZED_AUTOS = YES_AGGRESSIVE;
				GCC_WARN_UNUSED_FUNCTION = YES;
				GCC_WARN_UNUSED_VARIABLE = YES;
				IPHONEOS_DEPLOYMENT_TARGET = 16.0;
				MTL_ENABLE_DEBUG_INFO = INCLUDE_SOURCE;
				MTL_FAST_MATH = YES;
				ONLY_ACTIVE_ARCH = YES;
				SDKROOT = iphoneos;
				SWIFT_ACTIVE_COMPILATION_CONDITIONS = DEBUG;
				SWIFT_OPTIMIZATION_LEVEL = "-Onone";
			};
			name = Debug;
		};
		1422465C2937B2DE0095D4C9 /* Release */ = {
			isa = XCBuildConfiguration;
			buildSettings = {
				ALWAYS_SEARCH_USER_PATHS = NO;
				CLANG_ANALYZER_NONNULL = YES;
				CLANG_ANALYZER_NUMBER_OBJECT_CONVERSION = YES_AGGRESSIVE;
				CLANG_CXX_LANGUAGE_STANDARD = "gnu++20";
				CLANG_ENABLE_MODULES = YES;
				CLANG_ENABLE_OBJC_ARC = YES;
				CLANG_ENABLE_OBJC_WEAK = YES;
				CLANG_WARN_BLOCK_CAPTURE_AUTORELEASING = YES;
				CLANG_WARN_BOOL_CONVERSION = YES;
				CLANG_WARN_COMMA = YES;
				CLANG_WARN_CONSTANT_CONVERSION = YES;
				CLANG_WARN_DEPRECATED_OBJC_IMPLEMENTATIONS = YES;
				CLANG_WARN_DIRECT_OBJC_ISA_USAGE = YES_ERROR;
				CLANG_WARN_DOCUMENTATION_COMMENTS = YES;
				CLANG_WARN_EMPTY_BODY = YES;
				CLANG_WARN_ENUM_CONVERSION = YES;
				CLANG_WARN_INFINITE_RECURSION = YES;
				CLANG_WARN_INT_CONVERSION = YES;
				CLANG_WARN_NON_LITERAL_NULL_CONVERSION = YES;
				CLANG_WARN_OBJC_IMPLICIT_RETAIN_SELF = YES;
				CLANG_WARN_OBJC_LITERAL_CONVERSION = YES;
				CLANG_WARN_OBJC_ROOT_CLASS = YES_ERROR;
				CLANG_WARN_QUOTED_INCLUDE_IN_FRAMEWORK_HEADER = YES;
				CLANG_WARN_RANGE_LOOP_ANALYSIS = YES;
				CLANG_WARN_STRICT_PROTOTYPES = YES;
				CLANG_WARN_SUSPICIOUS_MOVE = YES;
				CLANG_WARN_UNGUARDED_AVAILABILITY = YES_AGGRESSIVE;
				CLANG_WARN_UNREACHABLE_CODE = YES;
				CLANG_WARN__DUPLICATE_METHOD_MATCH = YES;
				COPY_PHASE_STRIP = NO;
				DEBUG_INFORMATION_FORMAT = "dwarf-with-dsym";
				ENABLE_NS_ASSERTIONS = NO;
				ENABLE_STRICT_OBJC_MSGSEND = YES;
				GCC_C_LANGUAGE_STANDARD = gnu11;
				GCC_NO_COMMON_BLOCKS = YES;
				GCC_WARN_64_TO_32_BIT_CONVERSION = YES;
				GCC_WARN_ABOUT_RETURN_TYPE = YES_ERROR;
				GCC_WARN_UNDECLARED_SELECTOR = YES;
				GCC_WARN_UNINITIALIZED_AUTOS = YES_AGGRESSIVE;
				GCC_WARN_UNUSED_FUNCTION = YES;
				GCC_WARN_UNUSED_VARIABLE = YES;
				IPHONEOS_DEPLOYMENT_TARGET = 16.0;
				MTL_ENABLE_DEBUG_INFO = NO;
				MTL_FAST_MATH = YES;
				SDKROOT = iphoneos;
				SWIFT_COMPILATION_MODE = wholemodule;
				SWIFT_OPTIMIZATION_LEVEL = "-O";
				VALIDATE_PRODUCT = YES;
			};
			name = Release;
		};
		1422465E2937B2DE0095D4C9 /* Debug */ = {
			isa = XCBuildConfiguration;
			baseConfigurationReference = 1D560DB4F9C0F2F13FFD8CC8 /* Pods-MarvelApp.debug.xcconfig */;
			buildSettings = {
				ASSETCATALOG_COMPILER_APPICON_NAME = AppIcon;
				ASSETCATALOG_COMPILER_GLOBAL_ACCENT_COLOR_NAME = AccentColor;
				CODE_SIGN_STYLE = Automatic;
				CURRENT_PROJECT_VERSION = 1;
				DEVELOPMENT_TEAM = CUX8YT5P9W;
				GENERATE_INFOPLIST_FILE = YES;
				INFOPLIST_FILE = MarvelApp/Info.plist;
				INFOPLIST_KEY_UIApplicationSupportsIndirectInputEvents = YES;
				INFOPLIST_KEY_UILaunchStoryboardName = LaunchScreen;
				INFOPLIST_KEY_UIMainStoryboardFile = Main;
				INFOPLIST_KEY_UISupportedInterfaceOrientations_iPad = "UIInterfaceOrientationPortrait UIInterfaceOrientationPortraitUpsideDown UIInterfaceOrientationLandscapeLeft UIInterfaceOrientationLandscapeRight";
				INFOPLIST_KEY_UISupportedInterfaceOrientations_iPhone = "UIInterfaceOrientationPortrait UIInterfaceOrientationLandscapeLeft UIInterfaceOrientationLandscapeRight";
				IPHONEOS_DEPLOYMENT_TARGET = 13.0;
				LD_RUNPATH_SEARCH_PATHS = (
					"$(inherited)",
					"@executable_path/Frameworks",
				);
				MARKETING_VERSION = 1.0;
				PRODUCT_BUNDLE_IDENTIFIER = com.chirag.MarvelApp;
				PRODUCT_NAME = "$(TARGET_NAME)";
				SWIFT_EMIT_LOC_STRINGS = YES;
				SWIFT_VERSION = 5.0;
				TARGETED_DEVICE_FAMILY = "1,2";
			};
			name = Debug;
		};
		1422465F2937B2DE0095D4C9 /* Release */ = {
			isa = XCBuildConfiguration;
			baseConfigurationReference = 181EA697EC53A250E40A392F /* Pods-MarvelApp.release.xcconfig */;
			buildSettings = {
				ASSETCATALOG_COMPILER_APPICON_NAME = AppIcon;
				ASSETCATALOG_COMPILER_GLOBAL_ACCENT_COLOR_NAME = AccentColor;
				CODE_SIGN_STYLE = Automatic;
				CURRENT_PROJECT_VERSION = 1;
				DEVELOPMENT_TEAM = CUX8YT5P9W;
				GENERATE_INFOPLIST_FILE = YES;
				INFOPLIST_FILE = MarvelApp/Info.plist;
				INFOPLIST_KEY_UIApplicationSupportsIndirectInputEvents = YES;
				INFOPLIST_KEY_UILaunchStoryboardName = LaunchScreen;
				INFOPLIST_KEY_UIMainStoryboardFile = Main;
				INFOPLIST_KEY_UISupportedInterfaceOrientations_iPad = "UIInterfaceOrientationPortrait UIInterfaceOrientationPortraitUpsideDown UIInterfaceOrientationLandscapeLeft UIInterfaceOrientationLandscapeRight";
				INFOPLIST_KEY_UISupportedInterfaceOrientations_iPhone = "UIInterfaceOrientationPortrait UIInterfaceOrientationLandscapeLeft UIInterfaceOrientationLandscapeRight";
				IPHONEOS_DEPLOYMENT_TARGET = 13.0;
				LD_RUNPATH_SEARCH_PATHS = (
					"$(inherited)",
					"@executable_path/Frameworks",
				);
				MARKETING_VERSION = 1.0;
				PRODUCT_BUNDLE_IDENTIFIER = com.chirag.MarvelApp;
				PRODUCT_NAME = "$(TARGET_NAME)";
				SWIFT_EMIT_LOC_STRINGS = YES;
				SWIFT_VERSION = 5.0;
				TARGETED_DEVICE_FAMILY = "1,2";
			};
			name = Release;
		};
		142246612937B2DE0095D4C9 /* Debug */ = {
			isa = XCBuildConfiguration;
			baseConfigurationReference = AC2D88E5B2CB767BD2F93C53 /* Pods-MarvelAppTests.debug.xcconfig */;
			buildSettings = {
				ALWAYS_EMBED_SWIFT_STANDARD_LIBRARIES = YES;
				BUNDLE_LOADER = "$(TEST_HOST)";
				CODE_SIGN_STYLE = Automatic;
				CURRENT_PROJECT_VERSION = 1;
				DEVELOPMENT_TEAM = CUX8YT5P9W;
				GENERATE_INFOPLIST_FILE = YES;
				IPHONEOS_DEPLOYMENT_TARGET = 16.0;
				MARKETING_VERSION = 1.0;
				PRODUCT_BUNDLE_IDENTIFIER = com.chirag.MarvelAppTests;
				PRODUCT_NAME = "$(TARGET_NAME)";
				SWIFT_EMIT_LOC_STRINGS = NO;
				SWIFT_VERSION = 5.0;
				TARGETED_DEVICE_FAMILY = "1,2";
				TEST_HOST = "$(BUILT_PRODUCTS_DIR)/MarvelApp.app/$(BUNDLE_EXECUTABLE_FOLDER_PATH)/MarvelApp";
			};
			name = Debug;
		};
		142246622937B2DE0095D4C9 /* Release */ = {
			isa = XCBuildConfiguration;
			baseConfigurationReference = 387A204BF730B53DB1351517 /* Pods-MarvelAppTests.release.xcconfig */;
			buildSettings = {
				ALWAYS_EMBED_SWIFT_STANDARD_LIBRARIES = YES;
				BUNDLE_LOADER = "$(TEST_HOST)";
				CODE_SIGN_STYLE = Automatic;
				CURRENT_PROJECT_VERSION = 1;
				DEVELOPMENT_TEAM = CUX8YT5P9W;
				GENERATE_INFOPLIST_FILE = YES;
				IPHONEOS_DEPLOYMENT_TARGET = 16.0;
				MARKETING_VERSION = 1.0;
				PRODUCT_BUNDLE_IDENTIFIER = com.chirag.MarvelAppTests;
				PRODUCT_NAME = "$(TARGET_NAME)";
				SWIFT_EMIT_LOC_STRINGS = NO;
				SWIFT_VERSION = 5.0;
				TARGETED_DEVICE_FAMILY = "1,2";
				TEST_HOST = "$(BUILT_PRODUCTS_DIR)/MarvelApp.app/$(BUNDLE_EXECUTABLE_FOLDER_PATH)/MarvelApp";
			};
			name = Release;
		};
		142246642937B2DE0095D4C9 /* Debug */ = {
			isa = XCBuildConfiguration;
			baseConfigurationReference = F808791754B74A81FD9EEB16 /* Pods-MarvelApp-MarvelAppUITests.debug.xcconfig */;
			buildSettings = {
				ALWAYS_EMBED_SWIFT_STANDARD_LIBRARIES = YES;
				CODE_SIGN_STYLE = Automatic;
				CURRENT_PROJECT_VERSION = 1;
				DEVELOPMENT_TEAM = CUX8YT5P9W;
				GENERATE_INFOPLIST_FILE = YES;
				MARKETING_VERSION = 1.0;
				PRODUCT_BUNDLE_IDENTIFIER = com.chirag.MarvelAppUITests;
				PRODUCT_NAME = "$(TARGET_NAME)";
				SWIFT_EMIT_LOC_STRINGS = NO;
				SWIFT_VERSION = 5.0;
				TARGETED_DEVICE_FAMILY = "1,2";
				TEST_TARGET_NAME = MarvelApp;
			};
			name = Debug;
		};
		142246652937B2DE0095D4C9 /* Release */ = {
			isa = XCBuildConfiguration;
			baseConfigurationReference = E993A608EA08462499DAA8B8 /* Pods-MarvelApp-MarvelAppUITests.release.xcconfig */;
			buildSettings = {
				ALWAYS_EMBED_SWIFT_STANDARD_LIBRARIES = YES;
				CODE_SIGN_STYLE = Automatic;
				CURRENT_PROJECT_VERSION = 1;
				DEVELOPMENT_TEAM = CUX8YT5P9W;
				GENERATE_INFOPLIST_FILE = YES;
				MARKETING_VERSION = 1.0;
				PRODUCT_BUNDLE_IDENTIFIER = com.chirag.MarvelAppUITests;
				PRODUCT_NAME = "$(TARGET_NAME)";
				SWIFT_EMIT_LOC_STRINGS = NO;
				SWIFT_VERSION = 5.0;
				TARGETED_DEVICE_FAMILY = "1,2";
				TEST_TARGET_NAME = MarvelApp;
			};
			name = Release;
		};
/* End XCBuildConfiguration section */

/* Begin XCConfigurationList section */
		1422462B2937B2DC0095D4C9 /* Build configuration list for PBXProject "MarvelApp" */ = {
			isa = XCConfigurationList;
			buildConfigurations = (
				1422465B2937B2DE0095D4C9 /* Debug */,
				1422465C2937B2DE0095D4C9 /* Release */,
			);
			defaultConfigurationIsVisible = 0;
			defaultConfigurationName = Release;
		};
		1422465D2937B2DE0095D4C9 /* Build configuration list for PBXNativeTarget "MarvelApp" */ = {
			isa = XCConfigurationList;
			buildConfigurations = (
				1422465E2937B2DE0095D4C9 /* Debug */,
				1422465F2937B2DE0095D4C9 /* Release */,
			);
			defaultConfigurationIsVisible = 0;
			defaultConfigurationName = Release;
		};
		142246602937B2DE0095D4C9 /* Build configuration list for PBXNativeTarget "MarvelAppTests" */ = {
			isa = XCConfigurationList;
			buildConfigurations = (
				142246612937B2DE0095D4C9 /* Debug */,
				142246622937B2DE0095D4C9 /* Release */,
			);
			defaultConfigurationIsVisible = 0;
			defaultConfigurationName = Release;
		};
		142246632937B2DE0095D4C9 /* Build configuration list for PBXNativeTarget "MarvelAppUITests" */ = {
			isa = XCConfigurationList;
			buildConfigurations = (
				142246642937B2DE0095D4C9 /* Debug */,
				142246652937B2DE0095D4C9 /* Release */,
			);
			defaultConfigurationIsVisible = 0;
			defaultConfigurationName = Release;
		};
/* End XCConfigurationList section */

/* Begin XCVersionGroup section */
		1422463C2937B2DC0095D4C9 /* MarvelApp.xcdatamodeld */ = {
			isa = XCVersionGroup;
			children = (
				1422463D2937B2DC0095D4C9 /* MarvelApp.xcdatamodel */,
			);
			currentVersion = 1422463D2937B2DC0095D4C9 /* MarvelApp.xcdatamodel */;
			path = MarvelApp.xcdatamodeld;
			sourceTree = "<group>";
			versionGroupType = wrapper.xcdatamodel;
		};
/* End XCVersionGroup section */
	};
	rootObject = 142246282937B2DC0095D4C9 /* Project object */;
}
